
Microsoft Visual Studio Solution File, Format Version 12.00
# Visual Studio Version 17
VisualStudioVersion = 17.2.32630.192
MinimumVisualStudioVersion = 10.0.40219.1
Project("{FAE04EC0-301F-11D3-BF4B-00C04F79EFBC}") = "LeetCode", "LeetCode\LeetCode.csproj", "{C99494BF-0F82-4B68-9C5B-EA2293C9D16F}"
EndProject
Global
	GlobalSection(SolutionConfigurationPlatforms) = preSolution
		Debug|Any CPU = Debug|Any CPU
		Release|Any CPU = Release|Any CPU
	EndGlobalSection
	GlobalSection(ProjectConfigurationPlatforms) = postSolution
		{C99494BF-0F82-4B68-9C5B-EA2293C9D16F}.Debug|Any CPU.ActiveCfg = Debug|Any CPU
		{C99494BF-0F82-4B68-9C5B-EA2293C9D16F}.Debug|Any CPU.Build.0 = Debug|Any CPU
		{C99494BF-0F82-4B68-9C5B-EA2293C9D16F}.Release|Any CPU.ActiveCfg = Release|Any CPU
		{C99494BF-0F82-4B68-9C5B-EA2293C9D16F}.Release|Any CPU.Build.0 = Release|Any CPU
	EndGlobalSection
	GlobalSection(SolutionProperties) = preSolution
		HideSolutionNode = FALSE
	EndGlobalSection
	GlobalSection(ExtensibilityGlobals) = postSolution
		SolutionGuid = {8F570C79-B1DE-4AA1-930A-35787528F3AB}
	EndGlobalSection
EndGlobal
